
Microsoft Visual Studio Solution File, Format Version 9.00
# Visual Studio 2005
Project("{8BC9CEB8-8B4A-11D0-8D11-00A0C91BC942}") = "DirectShow_baseclasses", "DirectShow_baseclasses.vcproj", "{20DDF491-4D8C-455B-90A3-013E6502F698}"
EndProject
Project("{8BC9CEB8-8B4A-11D0-8D11-00A0C91BC942}") = "EDT_directx_dll", "EDT_directx_dll.vcproj", "{6DF6A9B8-8FEE-482E-BEF1-9DE49D003BDB}"
EndProject
Project("{8BC9CEB8-8B4A-11D0-8D11-00A0C91BC942}") = "GLUItake", "GLUItake.vcproj", "{E0F462DC-62C7-4A9E-BD23-CC83A5175E09}"
EndProject
Project("{8BC9CEB8-8B4A-11D0-8D11-00A0C91BC942}") = "NMmp", "..\nano\src\lib\nmMP\NMmp.vcproj", "{635B55CF-68A0-44C7-96BF-A4E58326269B}"
EndProject
Project("{8BC9CEB8-8B4A-11D0-8D11-00A0C91BC942}") = "SEM_library", "SEM_library.vcproj", "{16719A07-E7CF-46FD-B29D-8EFAF0174A03}"
	ProjectSection(ProjectDependencies) = postProject
		{635B55CF-68A0-44C7-96BF-A4E58326269B} = {635B55CF-68A0-44C7-96BF-A4E58326269B}
	EndProjectSection
EndProject
Project("{8BC9CEB8-8B4A-11D0-8D11-00A0C91BC942}") = "add_noise_to_image", "add_noise_to_image.vcproj", "{3AE7A5B4-426D-4141-9063-69144EDEED77}"
EndProject
Project("{8BC9CEB8-8B4A-11D0-8D11-00A0C91BC942}") = "airy_maker", "airy_maker.vcproj", "{73FEE2A2-5A0D-4CE5-8DF6-011B7CBDFA45}"
EndProject
Project("{8BC9CEB8-8B4A-11D0-8D11-00A0C91BC942}") = "argonot", "argonot.vcproj", "{87C17DFB-2126-47F7-89BB-1582EF5D8CCE}"
EndProject
Project("{8BC9CEB8-8B4A-11D0-8D11-00A0C91BC942}") = "average_videos", "average_videos.vcproj", "{58F921FC-2770-4501-9D77-2A74AD782194}"
	ProjectSection(ProjectDependencies) = postProject
		{635B55CF-68A0-44C7-96BF-A4E58326269B} = {635B55CF-68A0-44C7-96BF-A4E58326269B}
		{16719A07-E7CF-46FD-B29D-8EFAF0174A03} = {16719A07-E7CF-46FD-B29D-8EFAF0174A03}
	EndProjectSection
EndProject
Project("{8BC9CEB8-8B4A-11D0-8D11-00A0C91BC942}") = "base_camera_server", "base_camera_server.vcproj", "{91C28129-4CA6-4833-88B5-25CCA8B16722}"
EndProject
Project("{8BC9CEB8-8B4A-11D0-8D11-00A0C91BC942}") = "cismm_video_optimizer", "cismm_video_optimizer.vcproj", "{3EEE226A-08FA-4A61-9CC0-DE21D288C7FA}"
	ProjectSection(ProjectDependencies) = postProject
		{91C28129-4CA6-4833-88B5-25CCA8B16722} = {91C28129-4CA6-4833-88B5-25CCA8B16722}
		{635B55CF-68A0-44C7-96BF-A4E58326269B} = {635B55CF-68A0-44C7-96BF-A4E58326269B}
		{16719A07-E7CF-46FD-B29D-8EFAF0174A03} = {16719A07-E7CF-46FD-B29D-8EFAF0174A03}
	EndProjectSection
EndProject
Project("{8BC9CEB8-8B4A-11D0-8D11-00A0C91BC942}") = "compare_tracking_files", "compare_tracking_files.vcproj", "{1EF2F44E-8C85-4F1A-8B08-D4AE1C0F40E4}"
EndProject
Project("{8BC9CEB8-8B4A-11D0-8D11-00A0C91BC942}") = "cooke_library", "cooke_library.vcproj", "{0D9CC8E9-7FD3-4A99-AFEF-4E644515C0FE}"
	ProjectSection(ProjectDependencies) = postProject
		{91C28129-4CA6-4833-88B5-25CCA8B16722} = {91C28129-4CA6-4833-88B5-25CCA8B16722}
	EndProjectSection
EndProject
Project("{8BC9CEB8-8B4A-11D0-8D11-00A0C91BC942}") = "diaginc_library", "diaginc_library.vcproj", "{A38BF930-DB81-4E22-8A72-9FB1B92F43B7}"
	ProjectSection(ProjectDependencies) = postProject
		{91C28129-4CA6-4833-88B5-25CCA8B16722} = {91C28129-4CA6-4833-88B5-25CCA8B16722}
	EndProjectSection
EndProject
Project("{8BC9CEB8-8B4A-11D0-8D11-00A0C91BC942}") = "directx_library", "directx_library.vcproj", "{FC2FFA8B-2402-4802-A5C4-AFE506D8AB14}"
	ProjectSection(ProjectDependencies) = postProject
		{91C28129-4CA6-4833-88B5-25CCA8B16722} = {91C28129-4CA6-4833-88B5-25CCA8B16722}
	EndProjectSection
EndProject
Project("{8BC9CEB8-8B4A-11D0-8D11-00A0C91BC942}") = "edt_library", "edt_library.vcproj", "{C5400E41-45AE-4067-98BA-AEABD147046C}"
	ProjectSection(ProjectDependencies) = postProject
		{91C28129-4CA6-4833-88B5-25CCA8B16722} = {91C28129-4CA6-4833-88B5-25CCA8B16722}
	EndProjectSection
EndProject
Project("{8BC9CEB8-8B4A-11D0-8D11-00A0C91BC942}") = "edt_raw_video_store", "edt_raw_video_store.vcproj", "{5B1A52DA-1B24-442B-80F0-F0BE00875155}"
	ProjectSection(ProjectDependencies) = postProject
		{C5400E41-45AE-4067-98BA-AEABD147046C} = {C5400E41-45AE-4067-98BA-AEABD147046C}
	EndProjectSection
EndProject
Project("{8BC9CEB8-8B4A-11D0-8D11-00A0C91BC942}") = "file_stack_library", "file_stack_library.vcproj", "{3EC043E1-84AB-4975-8298-6AC796B6F406}"
	ProjectSection(ProjectDependencies) = postProject
		{91C28129-4CA6-4833-88B5-25CCA8B16722} = {91C28129-4CA6-4833-88B5-25CCA8B16722}
	EndProjectSection
EndProject
Project("{8BC9CEB8-8B4A-11D0-8D11-00A0C91BC942}") = "imager_directx_dll", "imager_directx_dll.vcproj", "{7C1DC199-B4CF-40D1-9334-C0CCDFD5D2E1}"
EndProject
Project("{8BC9CEB8-8B4A-11D0-8D11-00A0C91BC942}") = "make_moving_spot_video", "make_moving_spot_video.vcproj", "{91F0C1E3-C659-45DB-9ADE-E2B80767C804}"
	ProjectSection(ProjectDependencies) = postProject
		{91C28129-4CA6-4833-88B5-25CCA8B16722} = {91C28129-4CA6-4833-88B5-25CCA8B16722}
	EndProjectSection
EndProject
Project("{8BC9CEB8-8B4A-11D0-8D11-00A0C91BC942}") = "make_test_image", "make_test_image.vcproj", "{D600D7F2-B55B-4B79-B001-39453EA96AB6}"
	ProjectSection(ProjectDependencies) = postProject
		{91C28129-4CA6-4833-88B5-25CCA8B16722} = {91C28129-4CA6-4833-88B5-25CCA8B16722}
	EndProjectSection
EndProject
Project("{8BC9CEB8-8B4A-11D0-8D11-00A0C91BC942}") = "manual_capture", "manual_capture.vcproj", "{1EC6AC96-C3FC-4741-969C-3C20C6134E64}"
EndProject
Project("{8BC9CEB8-8B4A-11D0-8D11-00A0C91BC942}") = "nikon_camera", "nikon_camera.vcproj", "{AE9A8757-2A24-4B79-972B-A03AAF7B8271}"
	ProjectSection(ProjectDependencies) = postProject
		{91C28129-4CA6-4833-88B5-25CCA8B16722} = {91C28129-4CA6-4833-88B5-25CCA8B16722}
	EndProjectSection
EndProject
Project("{8BC9CEB8-8B4A-11D0-8D11-00A0C91BC942}") = "nmBase", "..\nano\src\lib\nmBase\nmBase.vcproj", "{D4F8077F-6D72-43F8-B907-28436EA0645C}"
EndProject
Project("{8BC9CEB8-8B4A-11D0-8D11-00A0C91BC942}") = "nmSEM", "..\nano\src\app\nano\lib\nmSEM\nmSEM.vcproj", "{66492EFA-0424-49C0-8A53-7A659E35EFBD}"
EndProject
Project("{8BC9CEB8-8B4A-11D0-8D11-00A0C91BC942}") = "roper_example", "roper_example.vcproj", "{6C262B40-41A0-40D0-B297-DBF0EE4D3C42}"
EndProject
Project("{8BC9CEB8-8B4A-11D0-8D11-00A0C91BC942}") = "roper_library", "roper_library.vcproj", "{B14D45A3-AFC9-4142-B872-6F38E18649AE}"
	ProjectSection(ProjectDependencies) = postProject
		{91C28129-4CA6-4833-88B5-25CCA8B16722} = {91C28129-4CA6-4833-88B5-25CCA8B16722}
	EndProjectSection
EndProject
Project("{8BC9CEB8-8B4A-11D0-8D11-00A0C91BC942}") = "roper_spot_tracker", "roper_spot_tracker.vcproj", "{C6E2CF59-1860-4F86-91B5-17402AFAE939}"
	ProjectSection(ProjectDependencies) = postProject
		{B14D45A3-AFC9-4142-B872-6F38E18649AE} = {B14D45A3-AFC9-4142-B872-6F38E18649AE}
		{91C28129-4CA6-4833-88B5-25CCA8B16722} = {91C28129-4CA6-4833-88B5-25CCA8B16722}
	EndProjectSection
EndProject
Project("{8BC9CEB8-8B4A-11D0-8D11-00A0C91BC942}") = "spot_tracker_library", "spot_tracker_library.vcproj", "{EBB6DEEB-7B41-4D5A-B0EA-D9AAE8BB69AB}"
	ProjectSection(ProjectDependencies) = postProject
		{3EC043E1-84AB-4975-8298-6AC796B6F406} = {3EC043E1-84AB-4975-8298-6AC796B6F406}
	EndProjectSection
EndProject
Project("{8BC9CEB8-8B4A-11D0-8D11-00A0C91BC942}") = "stack_collector", "stack_collector.vcproj", "{ED7256A8-24C7-4DBA-A672-920371D54BF8}"
	ProjectSection(ProjectDependencies) = postProject
		{B14D45A3-AFC9-4142-B872-6F38E18649AE} = {B14D45A3-AFC9-4142-B872-6F38E18649AE}
		{91C28129-4CA6-4833-88B5-25CCA8B16722} = {91C28129-4CA6-4833-88B5-25CCA8B16722}
		{A38BF930-DB81-4E22-8A72-9FB1B92F43B7} = {A38BF930-DB81-4E22-8A72-9FB1B92F43B7}
		{FC2FFA8B-2402-4802-A5C4-AFE506D8AB14} = {FC2FFA8B-2402-4802-A5C4-AFE506D8AB14}
		{C5400E41-45AE-4067-98BA-AEABD147046C} = {C5400E41-45AE-4067-98BA-AEABD147046C}
		{0D9CC8E9-7FD3-4A99-AFEF-4E644515C0FE} = {0D9CC8E9-7FD3-4A99-AFEF-4E644515C0FE}
	EndProjectSection
EndProject
Project("{8BC9CEB8-8B4A-11D0-8D11-00A0C91BC942}") = "stocc_random_number_generator", "stocc_random_number_generator\stocc_random_number_generator.vcproj", "{D325000B-CF41-4D4D-AE44-4655383AA726}"
EndProject
Project("{8BC9CEB8-8B4A-11D0-8D11-00A0C91BC942}") = "stocc_test_poisson", "stocc_test_poisson\stocc_test_poisson.vcproj", "{2AE1993E-CA95-4CDB-8F67-1BD4E0A20982}"
	ProjectSection(ProjectDependencies) = postProject
		{D325000B-CF41-4D4D-AE44-4655383AA726} = {D325000B-CF41-4D4D-AE44-4655383AA726}
	EndProjectSection
EndProject
Project("{8BC9CEB8-8B4A-11D0-8D11-00A0C91BC942}") = "swap_ppm_lines", "swap_ppm_lines.vcproj", "{DDB21AC7-57A4-4640-AD15-B7B084281EC7}"
EndProject
Project("{8BC9CEB8-8B4A-11D0-8D11-00A0C91BC942}") = "test_directx_library", "test_directx_library.vcproj", "{DB10BC6A-C4E0-4F94-A1B3-0695530311B2}"
	ProjectSection(ProjectDependencies) = postProject
		{FC2FFA8B-2402-4802-A5C4-AFE506D8AB14} = {FC2FFA8B-2402-4802-A5C4-AFE506D8AB14}
	EndProjectSection
EndProject
Project("{8BC9CEB8-8B4A-11D0-8D11-00A0C91BC942}") = "test_spot_tracker", "test_spot_tracker.vcproj", "{3FF8AD4D-8A06-473B-B7B0-BC34E4E9FE7C}"
	ProjectSection(ProjectDependencies) = postProject
		{EBB6DEEB-7B41-4D5A-B0EA-D9AAE8BB69AB} = {EBB6DEEB-7B41-4D5A-B0EA-D9AAE8BB69AB}
		{91C28129-4CA6-4833-88B5-25CCA8B16722} = {91C28129-4CA6-4833-88B5-25CCA8B16722}
	EndProjectSection
EndProject
Project("{8BC9CEB8-8B4A-11D0-8D11-00A0C91BC942}") = "video_imager_server", "video_imager_server.vcproj", "{EB326E4B-7613-4982-8922-D276E0854B50}"
	ProjectSection(ProjectDependencies) = postProject
		{FC2FFA8B-2402-4802-A5C4-AFE506D8AB14} = {FC2FFA8B-2402-4802-A5C4-AFE506D8AB14}
		{A38BF930-DB81-4E22-8A72-9FB1B92F43B7} = {A38BF930-DB81-4E22-8A72-9FB1B92F43B7}
		{B14D45A3-AFC9-4142-B872-6F38E18649AE} = {B14D45A3-AFC9-4142-B872-6F38E18649AE}
		{C5400E41-45AE-4067-98BA-AEABD147046C} = {C5400E41-45AE-4067-98BA-AEABD147046C}
		{0D9CC8E9-7FD3-4A99-AFEF-4E644515C0FE} = {0D9CC8E9-7FD3-4A99-AFEF-4E644515C0FE}
	EndProjectSection
EndProject
Project("{8BC9CEB8-8B4A-11D0-8D11-00A0C91BC942}") = "video_imager_server_directx_only", "video_imager_server_directx_only.vcproj", "{E8B2E380-F179-4A09-80A5-A10A0E182D73}"
	ProjectSection(ProjectDependencies) = postProject
		{20DDF491-4D8C-455B-90A3-013E6502F698} = {20DDF491-4D8C-455B-90A3-013E6502F698}
		{FC2FFA8B-2402-4802-A5C4-AFE506D8AB14} = {FC2FFA8B-2402-4802-A5C4-AFE506D8AB14}
	EndProjectSection
EndProject
Project("{8BC9CEB8-8B4A-11D0-8D11-00A0C91BC942}") = "video_spot_tracker", "video_spot_tracker.vcproj", "{04742E5F-FD68-4746-81EE-CD6BE17E6CB3}"
	ProjectSection(ProjectDependencies) = postProject
		{66492EFA-0424-49C0-8A53-7A659E35EFBD} = {66492EFA-0424-49C0-8A53-7A659E35EFBD}
		{B14D45A3-AFC9-4142-B872-6F38E18649AE} = {B14D45A3-AFC9-4142-B872-6F38E18649AE}
		{EBB6DEEB-7B41-4D5A-B0EA-D9AAE8BB69AB} = {EBB6DEEB-7B41-4D5A-B0EA-D9AAE8BB69AB}
		{A38BF930-DB81-4E22-8A72-9FB1B92F43B7} = {A38BF930-DB81-4E22-8A72-9FB1B92F43B7}
		{C5400E41-45AE-4067-98BA-AEABD147046C} = {C5400E41-45AE-4067-98BA-AEABD147046C}
		{16719A07-E7CF-46FD-B29D-8EFAF0174A03} = {16719A07-E7CF-46FD-B29D-8EFAF0174A03}
		{3EC043E1-84AB-4975-8298-6AC796B6F406} = {3EC043E1-84AB-4975-8298-6AC796B6F406}
		{91C28129-4CA6-4833-88B5-25CCA8B16722} = {91C28129-4CA6-4833-88B5-25CCA8B16722}
		{0D9CC8E9-7FD3-4A99-AFEF-4E644515C0FE} = {0D9CC8E9-7FD3-4A99-AFEF-4E644515C0FE}
		{FC2FFA8B-2402-4802-A5C4-AFE506D8AB14} = {FC2FFA8B-2402-4802-A5C4-AFE506D8AB14}
	EndProjectSection
EndProject
Global
	GlobalSection(SolutionConfigurationPlatforms) = preSolution
		Debug|Win32 = Debug|Win32
		Release|Win32 = Release|Win32
	EndGlobalSection
	GlobalSection(ProjectConfigurationPlatforms) = postSolution
		{20DDF491-4D8C-455B-90A3-013E6502F698}.Debug|Win32.ActiveCfg = Debug|Win32
		{20DDF491-4D8C-455B-90A3-013E6502F698}.Debug|Win32.Build.0 = Debug|Win32
		{20DDF491-4D8C-455B-90A3-013E6502F698}.Release|Win32.ActiveCfg = Release|Win32
		{20DDF491-4D8C-455B-90A3-013E6502F698}.Release|Win32.Build.0 = Release|Win32
		{6DF6A9B8-8FEE-482E-BEF1-9DE49D003BDB}.Debug|Win32.ActiveCfg = Debug|Win32
		{6DF6A9B8-8FEE-482E-BEF1-9DE49D003BDB}.Debug|Win32.Build.0 = Debug|Win32
		{6DF6A9B8-8FEE-482E-BEF1-9DE49D003BDB}.Release|Win32.ActiveCfg = Release|Win32
		{6DF6A9B8-8FEE-482E-BEF1-9DE49D003BDB}.Release|Win32.Build.0 = Release|Win32
		{E0F462DC-62C7-4A9E-BD23-CC83A5175E09}.Debug|Win32.ActiveCfg = Debug|Win32
		{E0F462DC-62C7-4A9E-BD23-CC83A5175E09}.Debug|Win32.Build.0 = Debug|Win32
		{E0F462DC-62C7-4A9E-BD23-CC83A5175E09}.Release|Win32.ActiveCfg = Release|Win32
		{E0F462DC-62C7-4A9E-BD23-CC83A5175E09}.Release|Win32.Build.0 = Release|Win32
		{635B55CF-68A0-44C7-96BF-A4E58326269B}.Debug|Win32.ActiveCfg = Debug|Win32
		{635B55CF-68A0-44C7-96BF-A4E58326269B}.Debug|Win32.Build.0 = Debug|Win32
		{635B55CF-68A0-44C7-96BF-A4E58326269B}.Release|Win32.ActiveCfg = Release|Win32
		{635B55CF-68A0-44C7-96BF-A4E58326269B}.Release|Win32.Build.0 = Release|Win32
		{16719A07-E7CF-46FD-B29D-8EFAF0174A03}.Debug|Win32.ActiveCfg = Debug|Win32
		{16719A07-E7CF-46FD-B29D-8EFAF0174A03}.Debug|Win32.Build.0 = Debug|Win32
		{16719A07-E7CF-46FD-B29D-8EFAF0174A03}.Release|Win32.ActiveCfg = Release|Win32
		{16719A07-E7CF-46FD-B29D-8EFAF0174A03}.Release|Win32.Build.0 = Release|Win32
		{3AE7A5B4-426D-4141-9063-69144EDEED77}.Debug|Win32.ActiveCfg = Debug|Win32
		{3AE7A5B4-426D-4141-9063-69144EDEED77}.Debug|Win32.Build.0 = Debug|Win32
		{3AE7A5B4-426D-4141-9063-69144EDEED77}.Release|Win32.ActiveCfg = Release|Win32
		{3AE7A5B4-426D-4141-9063-69144EDEED77}.Release|Win32.Build.0 = Release|Win32
		{73FEE2A2-5A0D-4CE5-8DF6-011B7CBDFA45}.Debug|Win32.ActiveCfg = Debug|Win32
		{73FEE2A2-5A0D-4CE5-8DF6-011B7CBDFA45}.Debug|Win32.Build.0 = Debug|Win32
		{73FEE2A2-5A0D-4CE5-8DF6-011B7CBDFA45}.Release|Win32.ActiveCfg = Release|Win32
		{73FEE2A2-5A0D-4CE5-8DF6-011B7CBDFA45}.Release|Win32.Build.0 = Release|Win32
		{87C17DFB-2126-47F7-89BB-1582EF5D8CCE}.Debug|Win32.ActiveCfg = Debug|Win32
		{87C17DFB-2126-47F7-89BB-1582EF5D8CCE}.Debug|Win32.Build.0 = Debug|Win32
		{87C17DFB-2126-47F7-89BB-1582EF5D8CCE}.Release|Win32.ActiveCfg = Release|Win32
		{87C17DFB-2126-47F7-89BB-1582EF5D8CCE}.Release|Win32.Build.0 = Release|Win32
		{58F921FC-2770-4501-9D77-2A74AD782194}.Debug|Win32.ActiveCfg = Debug|Win32
		{58F921FC-2770-4501-9D77-2A74AD782194}.Debug|Win32.Build.0 = Debug|Win32
		{58F921FC-2770-4501-9D77-2A74AD782194}.Release|Win32.ActiveCfg = Release|Win32
		{58F921FC-2770-4501-9D77-2A74AD782194}.Release|Win32.Build.0 = Release|Win32
		{91C28129-4CA6-4833-88B5-25CCA8B16722}.Debug|Win32.ActiveCfg = Debug|Win32
		{91C28129-4CA6-4833-88B5-25CCA8B16722}.Debug|Win32.Build.0 = Debug|Win32
		{91C28129-4CA6-4833-88B5-25CCA8B16722}.Release|Win32.ActiveCfg = Release|Win32
		{91C28129-4CA6-4833-88B5-25CCA8B16722}.Release|Win32.Build.0 = Release|Win32
		{3EEE226A-08FA-4A61-9CC0-DE21D288C7FA}.Debug|Win32.ActiveCfg = Debug|Win32
		{3EEE226A-08FA-4A61-9CC0-DE21D288C7FA}.Debug|Win32.Build.0 = Debug|Win32
		{3EEE226A-08FA-4A61-9CC0-DE21D288C7FA}.Release|Win32.ActiveCfg = Release|Win32
		{3EEE226A-08FA-4A61-9CC0-DE21D288C7FA}.Release|Win32.Build.0 = Release|Win32
		{1EF2F44E-8C85-4F1A-8B08-D4AE1C0F40E4}.Debug|Win32.ActiveCfg = Debug|Win32
		{1EF2F44E-8C85-4F1A-8B08-D4AE1C0F40E4}.Debug|Win32.Build.0 = Debug|Win32
		{1EF2F44E-8C85-4F1A-8B08-D4AE1C0F40E4}.Release|Win32.ActiveCfg = Release|Win32
		{1EF2F44E-8C85-4F1A-8B08-D4AE1C0F40E4}.Release|Win32.Build.0 = Release|Win32
		{0D9CC8E9-7FD3-4A99-AFEF-4E644515C0FE}.Debug|Win32.ActiveCfg = Debug|Win32
		{0D9CC8E9-7FD3-4A99-AFEF-4E644515C0FE}.Debug|Win32.Build.0 = Debug|Win32
		{0D9CC8E9-7FD3-4A99-AFEF-4E644515C0FE}.Release|Win32.ActiveCfg = Release|Win32
		{0D9CC8E9-7FD3-4A99-AFEF-4E644515C0FE}.Release|Win32.Build.0 = Release|Win32
		{A38BF930-DB81-4E22-8A72-9FB1B92F43B7}.Debug|Win32.ActiveCfg = Debug|Win32
		{A38BF930-DB81-4E22-8A72-9FB1B92F43B7}.Debug|Win32.Build.0 = Debug|Win32
		{A38BF930-DB81-4E22-8A72-9FB1B92F43B7}.Release|Win32.ActiveCfg = Release|Win32
		{A38BF930-DB81-4E22-8A72-9FB1B92F43B7}.Release|Win32.Build.0 = Release|Win32
		{FC2FFA8B-2402-4802-A5C4-AFE506D8AB14}.Debug|Win32.ActiveCfg = Debug|Win32
		{FC2FFA8B-2402-4802-A5C4-AFE506D8AB14}.Debug|Win32.Build.0 = Debug|Win32
		{FC2FFA8B-2402-4802-A5C4-AFE506D8AB14}.Release|Win32.ActiveCfg = Release|Win32
		{FC2FFA8B-2402-4802-A5C4-AFE506D8AB14}.Release|Win32.Build.0 = Release|Win32
		{C5400E41-45AE-4067-98BA-AEABD147046C}.Debug|Win32.ActiveCfg = Debug|Win32
		{C5400E41-45AE-4067-98BA-AEABD147046C}.Debug|Win32.Build.0 = Debug|Win32
		{C5400E41-45AE-4067-98BA-AEABD147046C}.Release|Win32.ActiveCfg = Release|Win32
		{C5400E41-45AE-4067-98BA-AEABD147046C}.Release|Win32.Build.0 = Release|Win32
		{5B1A52DA-1B24-442B-80F0-F0BE00875155}.Debug|Win32.ActiveCfg = Debug|Win32
		{5B1A52DA-1B24-442B-80F0-F0BE00875155}.Debug|Win32.Build.0 = Debug|Win32
		{5B1A52DA-1B24-442B-80F0-F0BE00875155}.Release|Win32.ActiveCfg = Release|Win32
		{5B1A52DA-1B24-442B-80F0-F0BE00875155}.Release|Win32.Build.0 = Release|Win32
		{3EC043E1-84AB-4975-8298-6AC796B6F406}.Debug|Win32.ActiveCfg = Debug|Win32
		{3EC043E1-84AB-4975-8298-6AC796B6F406}.Debug|Win32.Build.0 = Debug|Win32
		{3EC043E1-84AB-4975-8298-6AC796B6F406}.Release|Win32.ActiveCfg = Release|Win32
		{3EC043E1-84AB-4975-8298-6AC796B6F406}.Release|Win32.Build.0 = Release|Win32
		{7C1DC199-B4CF-40D1-9334-C0CCDFD5D2E1}.Debug|Win32.ActiveCfg = Debug|Win32
		{7C1DC199-B4CF-40D1-9334-C0CCDFD5D2E1}.Debug|Win32.Build.0 = Debug|Win32
		{7C1DC199-B4CF-40D1-9334-C0CCDFD5D2E1}.Release|Win32.ActiveCfg = Release|Win32
		{7C1DC199-B4CF-40D1-9334-C0CCDFD5D2E1}.Release|Win32.Build.0 = Release|Win32
		{91F0C1E3-C659-45DB-9ADE-E2B80767C804}.Debug|Win32.ActiveCfg = Debug|Win32
		{91F0C1E3-C659-45DB-9ADE-E2B80767C804}.Debug|Win32.Build.0 = Debug|Win32
		{91F0C1E3-C659-45DB-9ADE-E2B80767C804}.Release|Win32.ActiveCfg = Release|Win32
		{91F0C1E3-C659-45DB-9ADE-E2B80767C804}.Release|Win32.Build.0 = Release|Win32
		{D600D7F2-B55B-4B79-B001-39453EA96AB6}.Debug|Win32.ActiveCfg = Debug|Win32
		{D600D7F2-B55B-4B79-B001-39453EA96AB6}.Debug|Win32.Build.0 = Debug|Win32
		{D600D7F2-B55B-4B79-B001-39453EA96AB6}.Release|Win32.ActiveCfg = Release|Win32
		{D600D7F2-B55B-4B79-B001-39453EA96AB6}.Release|Win32.Build.0 = Release|Win32
		{1EC6AC96-C3FC-4741-969C-3C20C6134E64}.Debug|Win32.ActiveCfg = Debug|Win32
		{1EC6AC96-C3FC-4741-969C-3C20C6134E64}.Debug|Win32.Build.0 = Debug|Win32
		{1EC6AC96-C3FC-4741-969C-3C20C6134E64}.Release|Win32.ActiveCfg = Release|Win32
		{1EC6AC96-C3FC-4741-969C-3C20C6134E64}.Release|Win32.Build.0 = Release|Win32
		{AE9A8757-2A24-4B79-972B-A03AAF7B8271}.Debug|Win32.ActiveCfg = Debug|Win32
		{AE9A8757-2A24-4B79-972B-A03AAF7B8271}.Debug|Win32.Build.0 = Debug|Win32
		{AE9A8757-2A24-4B79-972B-A03AAF7B8271}.Release|Win32.ActiveCfg = Release|Win32
		{AE9A8757-2A24-4B79-972B-A03AAF7B8271}.Release|Win32.Build.0 = Release|Win32
		{D4F8077F-6D72-43F8-B907-28436EA0645C}.Debug|Win32.ActiveCfg = Debug|Win32
		{D4F8077F-6D72-43F8-B907-28436EA0645C}.Debug|Win32.Build.0 = Debug|Win32
		{D4F8077F-6D72-43F8-B907-28436EA0645C}.Release|Win32.ActiveCfg = Release|Win32
		{D4F8077F-6D72-43F8-B907-28436EA0645C}.Release|Win32.Build.0 = Release|Win32
		{66492EFA-0424-49C0-8A53-7A659E35EFBD}.Debug|Win32.ActiveCfg = Debug|Win32
		{66492EFA-0424-49C0-8A53-7A659E35EFBD}.Debug|Win32.Build.0 = Debug|Win32
		{66492EFA-0424-49C0-8A53-7A659E35EFBD}.Release|Win32.ActiveCfg = Release|Win32
		{66492EFA-0424-49C0-8A53-7A659E35EFBD}.Release|Win32.Build.0 = Release|Win32
		{6C262B40-41A0-40D0-B297-DBF0EE4D3C42}.Debug|Win32.ActiveCfg = Debug|Win32
		{6C262B40-41A0-40D0-B297-DBF0EE4D3C42}.Debug|Win32.Build.0 = Debug|Win32
		{6C262B40-41A0-40D0-B297-DBF0EE4D3C42}.Release|Win32.ActiveCfg = Release|Win32
		{6C262B40-41A0-40D0-B297-DBF0EE4D3C42}.Release|Win32.Build.0 = Release|Win32
		{B14D45A3-AFC9-4142-B872-6F38E18649AE}.Debug|Win32.ActiveCfg = Debug|Win32
		{B14D45A3-AFC9-4142-B872-6F38E18649AE}.Debug|Win32.Build.0 = Debug|Win32
		{B14D45A3-AFC9-4142-B872-6F38E18649AE}.Release|Win32.ActiveCfg = Release|Win32
		{B14D45A3-AFC9-4142-B872-6F38E18649AE}.Release|Win32.Build.0 = Release|Win32
		{C6E2CF59-1860-4F86-91B5-17402AFAE939}.Debug|Win32.ActiveCfg = Debug|Win32
		{C6E2CF59-1860-4F86-91B5-17402AFAE939}.Debug|Win32.Build.0 = Debug|Win32
		{C6E2CF59-1860-4F86-91B5-17402AFAE939}.Release|Win32.ActiveCfg = Release|Win32
		{C6E2CF59-1860-4F86-91B5-17402AFAE939}.Release|Win32.Build.0 = Release|Win32
		{EBB6DEEB-7B41-4D5A-B0EA-D9AAE8BB69AB}.Debug|Win32.ActiveCfg = Debug|Win32
		{EBB6DEEB-7B41-4D5A-B0EA-D9AAE8BB69AB}.Debug|Win32.Build.0 = Debug|Win32
		{EBB6DEEB-7B41-4D5A-B0EA-D9AAE8BB69AB}.Release|Win32.ActiveCfg = Release|Win32
		{EBB6DEEB-7B41-4D5A-B0EA-D9AAE8BB69AB}.Release|Win32.Build.0 = Release|Win32
		{ED7256A8-24C7-4DBA-A672-920371D54BF8}.Debug|Win32.ActiveCfg = Debug|Win32
		{ED7256A8-24C7-4DBA-A672-920371D54BF8}.Debug|Win32.Build.0 = Debug|Win32
		{ED7256A8-24C7-4DBA-A672-920371D54BF8}.Release|Win32.ActiveCfg = Release|Win32
		{ED7256A8-24C7-4DBA-A672-920371D54BF8}.Release|Win32.Build.0 = Release|Win32
		{D325000B-CF41-4D4D-AE44-4655383AA726}.Debug|Win32.ActiveCfg = Debug|Win32
		{D325000B-CF41-4D4D-AE44-4655383AA726}.Debug|Win32.Build.0 = Debug|Win32
		{D325000B-CF41-4D4D-AE44-4655383AA726}.Release|Win32.ActiveCfg = Release|Win32
		{D325000B-CF41-4D4D-AE44-4655383AA726}.Release|Win32.Build.0 = Release|Win32
		{2AE1993E-CA95-4CDB-8F67-1BD4E0A20982}.Debug|Win32.ActiveCfg = Debug|Win32
		{2AE1993E-CA95-4CDB-8F67-1BD4E0A20982}.Debug|Win32.Build.0 = Debug|Win32
		{2AE1993E-CA95-4CDB-8F67-1BD4E0A20982}.Release|Win32.ActiveCfg = Release|Win32
		{2AE1993E-CA95-4CDB-8F67-1BD4E0A20982}.Release|Win32.Build.0 = Release|Win32
		{DDB21AC7-57A4-4640-AD15-B7B084281EC7}.Debug|Win32.ActiveCfg = Debug|Win32
		{DDB21AC7-57A4-4640-AD15-B7B084281EC7}.Debug|Win32.Build.0 = Debug|Win32
		{DDB21AC7-57A4-4640-AD15-B7B084281EC7}.Release|Win32.ActiveCfg = Release|Win32
		{DDB21AC7-57A4-4640-AD15-B7B084281EC7}.Release|Win32.Build.0 = Release|Win32
		{DB10BC6A-C4E0-4F94-A1B3-0695530311B2}.Debug|Win32.ActiveCfg = Debug|Win32
		{DB10BC6A-C4E0-4F94-A1B3-0695530311B2}.Debug|Win32.Build.0 = Debug|Win32
		{DB10BC6A-C4E0-4F94-A1B3-0695530311B2}.Release|Win32.ActiveCfg = Release|Win32
		{DB10BC6A-C4E0-4F94-A1B3-0695530311B2}.Release|Win32.Build.0 = Release|Win32
		{3FF8AD4D-8A06-473B-B7B0-BC34E4E9FE7C}.Debug|Win32.ActiveCfg = Debug|Win32
		{3FF8AD4D-8A06-473B-B7B0-BC34E4E9FE7C}.Debug|Win32.Build.0 = Debug|Win32
		{3FF8AD4D-8A06-473B-B7B0-BC34E4E9FE7C}.Release|Win32.ActiveCfg = Release|Win32
		{3FF8AD4D-8A06-473B-B7B0-BC34E4E9FE7C}.Release|Win32.Build.0 = Release|Win32
		{EB326E4B-7613-4982-8922-D276E0854B50}.Debug|Win32.ActiveCfg = Debug|Win32
		{EB326E4B-7613-4982-8922-D276E0854B50}.Debug|Win32.Build.0 = Debug|Win32
		{EB326E4B-7613-4982-8922-D276E0854B50}.Release|Win32.ActiveCfg = Release|Win32
		{EB326E4B-7613-4982-8922-D276E0854B50}.Release|Win32.Build.0 = Release|Win32
		{E8B2E380-F179-4A09-80A5-A10A0E182D73}.Debug|Win32.ActiveCfg = Debug|Win32
		{E8B2E380-F179-4A09-80A5-A10A0E182D73}.Debug|Win32.Build.0 = Debug|Win32
		{E8B2E380-F179-4A09-80A5-A10A0E182D73}.Release|Win32.ActiveCfg = Release|Win32
		{E8B2E380-F179-4A09-80A5-A10A0E182D73}.Release|Win32.Build.0 = Release|Win32
		{04742E5F-FD68-4746-81EE-CD6BE17E6CB3}.Debug|Win32.ActiveCfg = Debug|Win32
		{04742E5F-FD68-4746-81EE-CD6BE17E6CB3}.Debug|Win32.Build.0 = Debug|Win32
		{04742E5F-FD68-4746-81EE-CD6BE17E6CB3}.Release|Win32.ActiveCfg = Release|Win32
		{04742E5F-FD68-4746-81EE-CD6BE17E6CB3}.Release|Win32.Build.0 = Release|Win32
	EndGlobalSection
	GlobalSection(SolutionProperties) = preSolution
		HideSolutionNode = FALSE
	EndGlobalSection
EndGlobal
