Microsoft Visual Studio Solution File, Format Version 8.00
Project("{8BC9CEB8-8B4A-11D0-8D11-00A0C91BC942}") = "DirectShow_baseclasses", "DirectShow_baseclasses.vcproj", "{0F0BCF00-5AFB-4E03-8928-3695BA1E44C2}"
	ProjectSection(ProjectDependencies) = postProject
	EndProjectSection
EndProject
Project("{8BC9CEB8-8B4A-11D0-8D11-00A0C91BC942}") = "EDT_directx_dll", "EDT_directx_dll.vcproj", "{D8FEA594-25A3-4800-B7A8-EF8D2832857E}"
	ProjectSection(ProjectDependencies) = postProject
		{C4A6FEDC-EE76-4C15-B4E1-689D4CB4FF76} = {C4A6FEDC-EE76-4C15-B4E1-689D4CB4FF76}
	EndProjectSection
EndProject
Project("{8BC9CEB8-8B4A-11D0-8D11-00A0C91BC942}") = "GLUItake", "GLUItake.vcproj", "{9FF7D764-311C-4216-BE2A-7A0CAA89E63E}"
	ProjectSection(ProjectDependencies) = postProject
		{C4A6FEDC-EE76-4C15-B4E1-689D4CB4FF76} = {C4A6FEDC-EE76-4C15-B4E1-689D4CB4FF76}
	EndProjectSection
EndProject
Project("{8BC9CEB8-8B4A-11D0-8D11-00A0C91BC942}") = "NMmp", "..\nano\src\lib\nmMP\NMmp.vcproj", "{5E7B5268-3567-486B-A0A3-9418B7302441}"
	ProjectSection(ProjectDependencies) = postProject
	EndProjectSection
EndProject
Project("{8BC9CEB8-8B4A-11D0-8D11-00A0C91BC942}") = "SEM_library", "SEM_library.vcproj", "{B79945DB-C542-4E52-B974-8538C5D66C30}"
	ProjectSection(ProjectDependencies) = postProject
		{5E7B5268-3567-486B-A0A3-9418B7302441} = {5E7B5268-3567-486B-A0A3-9418B7302441}
		{71F8644D-ED84-4044-A05F-ED086A2155F6} = {71F8644D-ED84-4044-A05F-ED086A2155F6}
		{73785DAA-0591-434B-A254-AE7450D9F7E9} = {73785DAA-0591-434B-A254-AE7450D9F7E9}
	EndProjectSection
EndProject
Project("{8BC9CEB8-8B4A-11D0-8D11-00A0C91BC942}") = "add_noise_to_image", "add_noise_to_image.vcproj", "{ABCF0E2D-29C7-405D-A084-7DCB3CC3E5D5}"
	ProjectSection(ProjectDependencies) = postProject
		{EB0D87E7-97CD-4DF4-BEBC-057C147F284D} = {EB0D87E7-97CD-4DF4-BEBC-057C147F284D}
	EndProjectSection
EndProject
Project("{8BC9CEB8-8B4A-11D0-8D11-00A0C91BC942}") = "airy_maker", "airy_maker.vcproj", "{A0956E17-63BF-4639-8906-D7F1ACE2E509}"
	ProjectSection(ProjectDependencies) = postProject
		{EB0D87E7-97CD-4DF4-BEBC-057C147F284D} = {EB0D87E7-97CD-4DF4-BEBC-057C147F284D}
		{8E509863-C09E-4606-9CB8-3334C6B01FFD} = {8E509863-C09E-4606-9CB8-3334C6B01FFD}
	EndProjectSection
EndProject
Project("{8BC9CEB8-8B4A-11D0-8D11-00A0C91BC942}") = "argonot", "argonot.vcproj", "{06E68262-505C-4838-BDC7-0336B0C18AE5}"
	ProjectSection(ProjectDependencies) = postProject
	EndProjectSection
EndProject
Project("{8BC9CEB8-8B4A-11D0-8D11-00A0C91BC942}") = "average_videos", "average_videos.vcproj", "{89714C4E-2204-493A-9D2B-81D4621BEF6B}"
	ProjectSection(ProjectDependencies) = postProject
		{C4A6FEDC-EE76-4C15-B4E1-689D4CB4FF76} = {C4A6FEDC-EE76-4C15-B4E1-689D4CB4FF76}
		{B79945DB-C542-4E52-B974-8538C5D66C30} = {B79945DB-C542-4E52-B974-8538C5D66C30}
		{62100DC6-E52D-4207-A769-EBA680DE5CCD} = {62100DC6-E52D-4207-A769-EBA680DE5CCD}
		{73785DAA-0591-434B-A254-AE7450D9F7E9} = {73785DAA-0591-434B-A254-AE7450D9F7E9}
		{5E7B5268-3567-486B-A0A3-9418B7302441} = {5E7B5268-3567-486B-A0A3-9418B7302441}
		{71F8644D-ED84-4044-A05F-ED086A2155F6} = {71F8644D-ED84-4044-A05F-ED086A2155F6}
		{13FC3437-34B5-413E-A092-0D00518194FC} = {13FC3437-34B5-413E-A092-0D00518194FC}
		{55709CDD-F372-46FD-94DE-5588C3AD5337} = {55709CDD-F372-46FD-94DE-5588C3AD5337}
		{472B2D31-0977-42DC-9862-8761C03539B1} = {472B2D31-0977-42DC-9862-8761C03539B1}
		{00D258BA-C4D7-4048-B243-BBF021AB3AE0} = {00D258BA-C4D7-4048-B243-BBF021AB3AE0}
	EndProjectSection
EndProject
Project("{8BC9CEB8-8B4A-11D0-8D11-00A0C91BC942}") = "base_camera_server", "base_camera_server.vcproj", "{00D258BA-C4D7-4048-B243-BBF021AB3AE0}"
	ProjectSection(ProjectDependencies) = postProject
	EndProjectSection
EndProject
Project("{8BC9CEB8-8B4A-11D0-8D11-00A0C91BC942}") = "cismm_video_optimizer", "cismm_video_optimizer.vcproj", "{EC9A518E-08C1-4528-B8A0-6C49A9C9817A}"
	ProjectSection(ProjectDependencies) = postProject
		{30099F5B-A324-4421-A412-56436FAA41F9} = {30099F5B-A324-4421-A412-56436FAA41F9}
		{55709CDD-F372-46FD-94DE-5588C3AD5337} = {55709CDD-F372-46FD-94DE-5588C3AD5337}
		{8E509863-C09E-4606-9CB8-3334C6B01FFD} = {8E509863-C09E-4606-9CB8-3334C6B01FFD}
		{B79945DB-C542-4E52-B974-8538C5D66C30} = {B79945DB-C542-4E52-B974-8538C5D66C30}
		{62100DC6-E52D-4207-A769-EBA680DE5CCD} = {62100DC6-E52D-4207-A769-EBA680DE5CCD}
		{73785DAA-0591-434B-A254-AE7450D9F7E9} = {73785DAA-0591-434B-A254-AE7450D9F7E9}
		{5E7B5268-3567-486B-A0A3-9418B7302441} = {5E7B5268-3567-486B-A0A3-9418B7302441}
		{71F8644D-ED84-4044-A05F-ED086A2155F6} = {71F8644D-ED84-4044-A05F-ED086A2155F6}
		{13FC3437-34B5-413E-A092-0D00518194FC} = {13FC3437-34B5-413E-A092-0D00518194FC}
		{C4A6FEDC-EE76-4C15-B4E1-689D4CB4FF76} = {C4A6FEDC-EE76-4C15-B4E1-689D4CB4FF76}
		{472B2D31-0977-42DC-9862-8761C03539B1} = {472B2D31-0977-42DC-9862-8761C03539B1}
		{00D258BA-C4D7-4048-B243-BBF021AB3AE0} = {00D258BA-C4D7-4048-B243-BBF021AB3AE0}
	EndProjectSection
EndProject
Project("{8BC9CEB8-8B4A-11D0-8D11-00A0C91BC942}") = "compare_tracking_files", "compare_tracking_files.vcproj", "{4F14EB36-44DF-4BBE-A785-1F244B51C456}"
	ProjectSection(ProjectDependencies) = postProject
	EndProjectSection
EndProject
Project("{8BC9CEB8-8B4A-11D0-8D11-00A0C91BC942}") = "cooke_library", "cooke_library.vcproj", "{30099F5B-A324-4421-A412-56436FAA41F9}"
	ProjectSection(ProjectDependencies) = postProject
		{00D258BA-C4D7-4048-B243-BBF021AB3AE0} = {00D258BA-C4D7-4048-B243-BBF021AB3AE0}
	EndProjectSection
EndProject
Project("{8BC9CEB8-8B4A-11D0-8D11-00A0C91BC942}") = "diaginc_library", "diaginc_library.vcproj", "{472B2D31-0977-42DC-9862-8761C03539B1}"
	ProjectSection(ProjectDependencies) = postProject
		{00D258BA-C4D7-4048-B243-BBF021AB3AE0} = {00D258BA-C4D7-4048-B243-BBF021AB3AE0}
	EndProjectSection
EndProject
Project("{8BC9CEB8-8B4A-11D0-8D11-00A0C91BC942}") = "directx_library", "directx_library.vcproj", "{55709CDD-F372-46FD-94DE-5588C3AD5337}"
	ProjectSection(ProjectDependencies) = postProject
		{00D258BA-C4D7-4048-B243-BBF021AB3AE0} = {00D258BA-C4D7-4048-B243-BBF021AB3AE0}
	EndProjectSection
EndProject
Project("{8BC9CEB8-8B4A-11D0-8D11-00A0C91BC942}") = "edt_library", "edt_library.vcproj", "{C4A6FEDC-EE76-4C15-B4E1-689D4CB4FF76}"
	ProjectSection(ProjectDependencies) = postProject
		{00D258BA-C4D7-4048-B243-BBF021AB3AE0} = {00D258BA-C4D7-4048-B243-BBF021AB3AE0}
	EndProjectSection
EndProject
Project("{8BC9CEB8-8B4A-11D0-8D11-00A0C91BC942}") = "edt_raw_video_store", "edt_raw_video_store.vcproj", "{1C588F12-D263-452A-A30C-6BDC962F8963}"
	ProjectSection(ProjectDependencies) = postProject
		{EB0D87E7-97CD-4DF4-BEBC-057C147F284D} = {EB0D87E7-97CD-4DF4-BEBC-057C147F284D}
		{C4A6FEDC-EE76-4C15-B4E1-689D4CB4FF76} = {C4A6FEDC-EE76-4C15-B4E1-689D4CB4FF76}
	EndProjectSection
EndProject
Project("{8BC9CEB8-8B4A-11D0-8D11-00A0C91BC942}") = "file_stack_library", "file_stack_library.vcproj", "{13FC3437-34B5-413E-A092-0D00518194FC}"
	ProjectSection(ProjectDependencies) = postProject
		{00D258BA-C4D7-4048-B243-BBF021AB3AE0} = {00D258BA-C4D7-4048-B243-BBF021AB3AE0}
	EndProjectSection
EndProject
Project("{8BC9CEB8-8B4A-11D0-8D11-00A0C91BC942}") = "imager_directx_dll", "imager_directx_dll.vcproj", "{1DFBA84D-8F7B-4F72-910A-A6A5AB41717F}"
	ProjectSection(ProjectDependencies) = postProject
	EndProjectSection
EndProject
Project("{8BC9CEB8-8B4A-11D0-8D11-00A0C91BC942}") = "make_moving_spot_video", "make_moving_spot_video.vcproj", "{A26AE863-4D7F-40BA-A540-D577A15A9908}"
	ProjectSection(ProjectDependencies) = postProject
		{8E509863-C09E-4606-9CB8-3334C6B01FFD} = {8E509863-C09E-4606-9CB8-3334C6B01FFD}
		{00D258BA-C4D7-4048-B243-BBF021AB3AE0} = {00D258BA-C4D7-4048-B243-BBF021AB3AE0}
	EndProjectSection
EndProject
Project("{8BC9CEB8-8B4A-11D0-8D11-00A0C91BC942}") = "make_test_image", "make_test_image.vcproj", "{13FD5C85-8455-4F16-AA7A-0E90505D9589}"
	ProjectSection(ProjectDependencies) = postProject
		{00D258BA-C4D7-4048-B243-BBF021AB3AE0} = {00D258BA-C4D7-4048-B243-BBF021AB3AE0}
		{8E509863-C09E-4606-9CB8-3334C6B01FFD} = {8E509863-C09E-4606-9CB8-3334C6B01FFD}
	EndProjectSection
EndProject
Project("{8BC9CEB8-8B4A-11D0-8D11-00A0C91BC942}") = "manual_capture", "manual_capture.vcproj", "{3403A0F5-09D3-463C-8858-2EF187F3B926}"
	ProjectSection(ProjectDependencies) = postProject
	EndProjectSection
EndProject
Project("{8BC9CEB8-8B4A-11D0-8D11-00A0C91BC942}") = "nikon_camera", "nikon_camera.vcproj", "{C0FB6474-9EA1-47A2-8A5E-CA508B424EA2}"
	ProjectSection(ProjectDependencies) = postProject
		{00D258BA-C4D7-4048-B243-BBF021AB3AE0} = {00D258BA-C4D7-4048-B243-BBF021AB3AE0}
	EndProjectSection
EndProject
Project("{8BC9CEB8-8B4A-11D0-8D11-00A0C91BC942}") = "nmBase", "..\nano\src\lib\nmBase\nmBase.vcproj", "{71F8644D-ED84-4044-A05F-ED086A2155F6}"
	ProjectSection(ProjectDependencies) = postProject
	EndProjectSection
EndProject
Project("{8BC9CEB8-8B4A-11D0-8D11-00A0C91BC942}") = "nmSEM", "..\nano\src\app\nano\lib\nmSEM\nmSEM.vcproj", "{73785DAA-0591-434B-A254-AE7450D9F7E9}"
	ProjectSection(ProjectDependencies) = postProject
	EndProjectSection
EndProject
Project("{8BC9CEB8-8B4A-11D0-8D11-00A0C91BC942}") = "roper_example", "roper_example.vcproj", "{2F239B22-C260-4FE7-BE0D-C2E6EA191171}"
	ProjectSection(ProjectDependencies) = postProject
		{62100DC6-E52D-4207-A769-EBA680DE5CCD} = {62100DC6-E52D-4207-A769-EBA680DE5CCD}
	EndProjectSection
EndProject
Project("{8BC9CEB8-8B4A-11D0-8D11-00A0C91BC942}") = "roper_library", "roper_library.vcproj", "{62100DC6-E52D-4207-A769-EBA680DE5CCD}"
	ProjectSection(ProjectDependencies) = postProject
		{00D258BA-C4D7-4048-B243-BBF021AB3AE0} = {00D258BA-C4D7-4048-B243-BBF021AB3AE0}
	EndProjectSection
EndProject
Project("{8BC9CEB8-8B4A-11D0-8D11-00A0C91BC942}") = "roper_spot_tracker", "roper_spot_tracker.vcproj", "{EE459A49-BD48-4BF6-B837-C24CBF8590F3}"
	ProjectSection(ProjectDependencies) = postProject
		{00D258BA-C4D7-4048-B243-BBF021AB3AE0} = {00D258BA-C4D7-4048-B243-BBF021AB3AE0}
		{8E509863-C09E-4606-9CB8-3334C6B01FFD} = {8E509863-C09E-4606-9CB8-3334C6B01FFD}
		{62100DC6-E52D-4207-A769-EBA680DE5CCD} = {62100DC6-E52D-4207-A769-EBA680DE5CCD}
	EndProjectSection
EndProject
Project("{8BC9CEB8-8B4A-11D0-8D11-00A0C91BC942}") = "spot_tracker_library", "spot_tracker_library.vcproj", "{8E509863-C09E-4606-9CB8-3334C6B01FFD}"
	ProjectSection(ProjectDependencies) = postProject
		{13FC3437-34B5-413E-A092-0D00518194FC} = {13FC3437-34B5-413E-A092-0D00518194FC}
	EndProjectSection
EndProject
Project("{8BC9CEB8-8B4A-11D0-8D11-00A0C91BC942}") = "stack_collector", "stack_collector.vcproj", "{82579BAE-5D96-4274-8812-4B09D5785B04}"
	ProjectSection(ProjectDependencies) = postProject
		{30099F5B-A324-4421-A412-56436FAA41F9} = {30099F5B-A324-4421-A412-56436FAA41F9}
		{C4A6FEDC-EE76-4C15-B4E1-689D4CB4FF76} = {C4A6FEDC-EE76-4C15-B4E1-689D4CB4FF76}
		{55709CDD-F372-46FD-94DE-5588C3AD5337} = {55709CDD-F372-46FD-94DE-5588C3AD5337}
		{472B2D31-0977-42DC-9862-8761C03539B1} = {472B2D31-0977-42DC-9862-8761C03539B1}
		{00D258BA-C4D7-4048-B243-BBF021AB3AE0} = {00D258BA-C4D7-4048-B243-BBF021AB3AE0}
		{62100DC6-E52D-4207-A769-EBA680DE5CCD} = {62100DC6-E52D-4207-A769-EBA680DE5CCD}
	EndProjectSection
EndProject
Project("{8BC9CEB8-8B4A-11D0-8D11-00A0C91BC942}") = "stocc_random_number_generator", "stocc_random_number_generator\stocc_random_number_generator.vcproj", "{EB0D87E7-97CD-4DF4-BEBC-057C147F284D}"
	ProjectSection(ProjectDependencies) = postProject
	EndProjectSection
EndProject
Project("{8BC9CEB8-8B4A-11D0-8D11-00A0C91BC942}") = "stocc_test_poisson", "stocc_test_poisson\stocc_test_poisson.vcproj", "{54A458A5-D150-4B7F-873F-3FD6C54D87CF}"
	ProjectSection(ProjectDependencies) = postProject
		{EB0D87E7-97CD-4DF4-BEBC-057C147F284D} = {EB0D87E7-97CD-4DF4-BEBC-057C147F284D}
	EndProjectSection
EndProject
Project("{8BC9CEB8-8B4A-11D0-8D11-00A0C91BC942}") = "swap_ppm_lines", "swap_ppm_lines.vcproj", "{5DA60EAC-8781-43B6-87A9-C02A4E120C28}"
	ProjectSection(ProjectDependencies) = postProject
	EndProjectSection
EndProject
Project("{8BC9CEB8-8B4A-11D0-8D11-00A0C91BC942}") = "test_directx_library", "test_directx_library.vcproj", "{7BE05B00-9FB7-436D-9DC7-72100B55D83D}"
	ProjectSection(ProjectDependencies) = postProject
		{55709CDD-F372-46FD-94DE-5588C3AD5337} = {55709CDD-F372-46FD-94DE-5588C3AD5337}
	EndProjectSection
EndProject
Project("{8BC9CEB8-8B4A-11D0-8D11-00A0C91BC942}") = "test_spot_tracker", "test_spot_tracker.vcproj", "{0955FDEB-0AF6-4CE2-9F42-C791A9AD2DAF}"
	ProjectSection(ProjectDependencies) = postProject
		{00D258BA-C4D7-4048-B243-BBF021AB3AE0} = {00D258BA-C4D7-4048-B243-BBF021AB3AE0}
		{8E509863-C09E-4606-9CB8-3334C6B01FFD} = {8E509863-C09E-4606-9CB8-3334C6B01FFD}
	EndProjectSection
EndProject
Project("{8BC9CEB8-8B4A-11D0-8D11-00A0C91BC942}") = "video_imager_server", "video_imager_server.vcproj", "{38786CC8-2233-436D-8AF6-A92579DC131B}"
	ProjectSection(ProjectDependencies) = postProject
		{30099F5B-A324-4421-A412-56436FAA41F9} = {30099F5B-A324-4421-A412-56436FAA41F9}
		{C4A6FEDC-EE76-4C15-B4E1-689D4CB4FF76} = {C4A6FEDC-EE76-4C15-B4E1-689D4CB4FF76}
		{62100DC6-E52D-4207-A769-EBA680DE5CCD} = {62100DC6-E52D-4207-A769-EBA680DE5CCD}
		{472B2D31-0977-42DC-9862-8761C03539B1} = {472B2D31-0977-42DC-9862-8761C03539B1}
		{55709CDD-F372-46FD-94DE-5588C3AD5337} = {55709CDD-F372-46FD-94DE-5588C3AD5337}
	EndProjectSection
EndProject
Project("{8BC9CEB8-8B4A-11D0-8D11-00A0C91BC942}") = "video_imager_server_directx_only", "video_imager_server_directx_only.vcproj", "{631AC725-3DC9-4911-A974-0FDD84C7B29D}"
	ProjectSection(ProjectDependencies) = postProject
		{55709CDD-F372-46FD-94DE-5588C3AD5337} = {55709CDD-F372-46FD-94DE-5588C3AD5337}
		{0F0BCF00-5AFB-4E03-8928-3695BA1E44C2} = {0F0BCF00-5AFB-4E03-8928-3695BA1E44C2}
	EndProjectSection
EndProject
Project("{8BC9CEB8-8B4A-11D0-8D11-00A0C91BC942}") = "video_spot_tracker", "video_spot_tracker.vcproj", "{5885DFF5-1D01-457B-9ECB-DB41FEE82C18}"
	ProjectSection(ProjectDependencies) = postProject
		{30099F5B-A324-4421-A412-56436FAA41F9} = {30099F5B-A324-4421-A412-56436FAA41F9}
		{00D258BA-C4D7-4048-B243-BBF021AB3AE0} = {00D258BA-C4D7-4048-B243-BBF021AB3AE0}
		{13FC3437-34B5-413E-A092-0D00518194FC} = {13FC3437-34B5-413E-A092-0D00518194FC}
		{B79945DB-C542-4E52-B974-8538C5D66C30} = {B79945DB-C542-4E52-B974-8538C5D66C30}
		{C4A6FEDC-EE76-4C15-B4E1-689D4CB4FF76} = {C4A6FEDC-EE76-4C15-B4E1-689D4CB4FF76}
		{472B2D31-0977-42DC-9862-8761C03539B1} = {472B2D31-0977-42DC-9862-8761C03539B1}
		{8E509863-C09E-4606-9CB8-3334C6B01FFD} = {8E509863-C09E-4606-9CB8-3334C6B01FFD}
		{62100DC6-E52D-4207-A769-EBA680DE5CCD} = {62100DC6-E52D-4207-A769-EBA680DE5CCD}
		{55709CDD-F372-46FD-94DE-5588C3AD5337} = {55709CDD-F372-46FD-94DE-5588C3AD5337}
	EndProjectSection
EndProject
Global
	GlobalSection(SolutionConfiguration) = preSolution
		Debug = Debug
		Release = Release
	EndGlobalSection
	GlobalSection(ProjectConfiguration) = postSolution
		{0F0BCF00-5AFB-4E03-8928-3695BA1E44C2}.Debug.ActiveCfg = Debug|Win32
		{0F0BCF00-5AFB-4E03-8928-3695BA1E44C2}.Debug.Build.0 = Debug|Win32
		{0F0BCF00-5AFB-4E03-8928-3695BA1E44C2}.Release.ActiveCfg = Release|Win32
		{0F0BCF00-5AFB-4E03-8928-3695BA1E44C2}.Release.Build.0 = Release|Win32
		{D8FEA594-25A3-4800-B7A8-EF8D2832857E}.Debug.ActiveCfg = Debug|Win32
		{D8FEA594-25A3-4800-B7A8-EF8D2832857E}.Debug.Build.0 = Debug|Win32
		{D8FEA594-25A3-4800-B7A8-EF8D2832857E}.Release.ActiveCfg = Release|Win32
		{D8FEA594-25A3-4800-B7A8-EF8D2832857E}.Release.Build.0 = Release|Win32
		{9FF7D764-311C-4216-BE2A-7A0CAA89E63E}.Debug.ActiveCfg = Debug|Win32
		{9FF7D764-311C-4216-BE2A-7A0CAA89E63E}.Debug.Build.0 = Debug|Win32
		{9FF7D764-311C-4216-BE2A-7A0CAA89E63E}.Release.ActiveCfg = Release|Win32
		{9FF7D764-311C-4216-BE2A-7A0CAA89E63E}.Release.Build.0 = Release|Win32
		{5E7B5268-3567-486B-A0A3-9418B7302441}.Debug.ActiveCfg = Debug|Win32
		{5E7B5268-3567-486B-A0A3-9418B7302441}.Debug.Build.0 = Debug|Win32
		{5E7B5268-3567-486B-A0A3-9418B7302441}.Release.ActiveCfg = Release|Win32
		{5E7B5268-3567-486B-A0A3-9418B7302441}.Release.Build.0 = Release|Win32
		{B79945DB-C542-4E52-B974-8538C5D66C30}.Debug.ActiveCfg = Debug|Win32
		{B79945DB-C542-4E52-B974-8538C5D66C30}.Debug.Build.0 = Debug|Win32
		{B79945DB-C542-4E52-B974-8538C5D66C30}.Release.ActiveCfg = Release|Win32
		{B79945DB-C542-4E52-B974-8538C5D66C30}.Release.Build.0 = Release|Win32
		{ABCF0E2D-29C7-405D-A084-7DCB3CC3E5D5}.Debug.ActiveCfg = Debug|Win32
		{ABCF0E2D-29C7-405D-A084-7DCB3CC3E5D5}.Debug.Build.0 = Debug|Win32
		{ABCF0E2D-29C7-405D-A084-7DCB3CC3E5D5}.Release.ActiveCfg = Release|Win32
		{ABCF0E2D-29C7-405D-A084-7DCB3CC3E5D5}.Release.Build.0 = Release|Win32
		{A0956E17-63BF-4639-8906-D7F1ACE2E509}.Debug.ActiveCfg = Debug|Win32
		{A0956E17-63BF-4639-8906-D7F1ACE2E509}.Debug.Build.0 = Debug|Win32
		{A0956E17-63BF-4639-8906-D7F1ACE2E509}.Release.ActiveCfg = Release|Win32
		{A0956E17-63BF-4639-8906-D7F1ACE2E509}.Release.Build.0 = Release|Win32
		{06E68262-505C-4838-BDC7-0336B0C18AE5}.Debug.ActiveCfg = Debug|Win32
		{06E68262-505C-4838-BDC7-0336B0C18AE5}.Debug.Build.0 = Debug|Win32
		{06E68262-505C-4838-BDC7-0336B0C18AE5}.Release.ActiveCfg = Release|Win32
		{06E68262-505C-4838-BDC7-0336B0C18AE5}.Release.Build.0 = Release|Win32
		{89714C4E-2204-493A-9D2B-81D4621BEF6B}.Debug.ActiveCfg = Debug|Win32
		{89714C4E-2204-493A-9D2B-81D4621BEF6B}.Debug.Build.0 = Debug|Win32
		{89714C4E-2204-493A-9D2B-81D4621BEF6B}.Release.ActiveCfg = Release|Win32
		{89714C4E-2204-493A-9D2B-81D4621BEF6B}.Release.Build.0 = Release|Win32
		{00D258BA-C4D7-4048-B243-BBF021AB3AE0}.Debug.ActiveCfg = Debug|Win32
		{00D258BA-C4D7-4048-B243-BBF021AB3AE0}.Debug.Build.0 = Debug|Win32
		{00D258BA-C4D7-4048-B243-BBF021AB3AE0}.Release.ActiveCfg = Release|Win32
		{00D258BA-C4D7-4048-B243-BBF021AB3AE0}.Release.Build.0 = Release|Win32
		{EC9A518E-08C1-4528-B8A0-6C49A9C9817A}.Debug.ActiveCfg = Debug|Win32
		{EC9A518E-08C1-4528-B8A0-6C49A9C9817A}.Debug.Build.0 = Debug|Win32
		{EC9A518E-08C1-4528-B8A0-6C49A9C9817A}.Release.ActiveCfg = Release|Win32
		{EC9A518E-08C1-4528-B8A0-6C49A9C9817A}.Release.Build.0 = Release|Win32
		{4F14EB36-44DF-4BBE-A785-1F244B51C456}.Debug.ActiveCfg = Debug|Win32
		{4F14EB36-44DF-4BBE-A785-1F244B51C456}.Debug.Build.0 = Debug|Win32
		{4F14EB36-44DF-4BBE-A785-1F244B51C456}.Release.ActiveCfg = Release|Win32
		{4F14EB36-44DF-4BBE-A785-1F244B51C456}.Release.Build.0 = Release|Win32
		{30099F5B-A324-4421-A412-56436FAA41F9}.Debug.ActiveCfg = Debug|Win32
		{30099F5B-A324-4421-A412-56436FAA41F9}.Debug.Build.0 = Debug|Win32
		{30099F5B-A324-4421-A412-56436FAA41F9}.Release.ActiveCfg = Release|Win32
		{30099F5B-A324-4421-A412-56436FAA41F9}.Release.Build.0 = Release|Win32
		{472B2D31-0977-42DC-9862-8761C03539B1}.Debug.ActiveCfg = Debug|Win32
		{472B2D31-0977-42DC-9862-8761C03539B1}.Debug.Build.0 = Debug|Win32
		{472B2D31-0977-42DC-9862-8761C03539B1}.Release.ActiveCfg = Release|Win32
		{472B2D31-0977-42DC-9862-8761C03539B1}.Release.Build.0 = Release|Win32
		{55709CDD-F372-46FD-94DE-5588C3AD5337}.Debug.ActiveCfg = Debug|Win32
		{55709CDD-F372-46FD-94DE-5588C3AD5337}.Debug.Build.0 = Debug|Win32
		{55709CDD-F372-46FD-94DE-5588C3AD5337}.Release.ActiveCfg = Release|Win32
		{55709CDD-F372-46FD-94DE-5588C3AD5337}.Release.Build.0 = Release|Win32
		{C4A6FEDC-EE76-4C15-B4E1-689D4CB4FF76}.Debug.ActiveCfg = Debug|Win32
		{C4A6FEDC-EE76-4C15-B4E1-689D4CB4FF76}.Debug.Build.0 = Debug|Win32
		{C4A6FEDC-EE76-4C15-B4E1-689D4CB4FF76}.Release.ActiveCfg = Release|Win32
		{C4A6FEDC-EE76-4C15-B4E1-689D4CB4FF76}.Release.Build.0 = Release|Win32
		{1C588F12-D263-452A-A30C-6BDC962F8963}.Debug.ActiveCfg = Debug|Win32
		{1C588F12-D263-452A-A30C-6BDC962F8963}.Debug.Build.0 = Debug|Win32
		{1C588F12-D263-452A-A30C-6BDC962F8963}.Release.ActiveCfg = Release|Win32
		{1C588F12-D263-452A-A30C-6BDC962F8963}.Release.Build.0 = Release|Win32
		{13FC3437-34B5-413E-A092-0D00518194FC}.Debug.ActiveCfg = Debug|Win32
		{13FC3437-34B5-413E-A092-0D00518194FC}.Debug.Build.0 = Debug|Win32
		{13FC3437-34B5-413E-A092-0D00518194FC}.Release.ActiveCfg = Release|Win32
		{13FC3437-34B5-413E-A092-0D00518194FC}.Release.Build.0 = Release|Win32
		{1DFBA84D-8F7B-4F72-910A-A6A5AB41717F}.Debug.ActiveCfg = Debug|Win32
		{1DFBA84D-8F7B-4F72-910A-A6A5AB41717F}.Debug.Build.0 = Debug|Win32
		{1DFBA84D-8F7B-4F72-910A-A6A5AB41717F}.Release.ActiveCfg = Release|Win32
		{1DFBA84D-8F7B-4F72-910A-A6A5AB41717F}.Release.Build.0 = Release|Win32
		{A26AE863-4D7F-40BA-A540-D577A15A9908}.Debug.ActiveCfg = Debug|Win32
		{A26AE863-4D7F-40BA-A540-D577A15A9908}.Debug.Build.0 = Debug|Win32
		{A26AE863-4D7F-40BA-A540-D577A15A9908}.Release.ActiveCfg = Release|Win32
		{A26AE863-4D7F-40BA-A540-D577A15A9908}.Release.Build.0 = Release|Win32
		{13FD5C85-8455-4F16-AA7A-0E90505D9589}.Debug.ActiveCfg = Debug|Win32
		{13FD5C85-8455-4F16-AA7A-0E90505D9589}.Debug.Build.0 = Debug|Win32
		{13FD5C85-8455-4F16-AA7A-0E90505D9589}.Release.ActiveCfg = Release|Win32
		{13FD5C85-8455-4F16-AA7A-0E90505D9589}.Release.Build.0 = Release|Win32
		{3403A0F5-09D3-463C-8858-2EF187F3B926}.Debug.ActiveCfg = Debug|Win32
		{3403A0F5-09D3-463C-8858-2EF187F3B926}.Debug.Build.0 = Debug|Win32
		{3403A0F5-09D3-463C-8858-2EF187F3B926}.Release.ActiveCfg = Release|Win32
		{3403A0F5-09D3-463C-8858-2EF187F3B926}.Release.Build.0 = Release|Win32
		{C0FB6474-9EA1-47A2-8A5E-CA508B424EA2}.Debug.ActiveCfg = Debug|Win32
		{C0FB6474-9EA1-47A2-8A5E-CA508B424EA2}.Debug.Build.0 = Debug|Win32
		{C0FB6474-9EA1-47A2-8A5E-CA508B424EA2}.Release.ActiveCfg = Release|Win32
		{C0FB6474-9EA1-47A2-8A5E-CA508B424EA2}.Release.Build.0 = Release|Win32
		{71F8644D-ED84-4044-A05F-ED086A2155F6}.Debug.ActiveCfg = Debug|Win32
		{71F8644D-ED84-4044-A05F-ED086A2155F6}.Debug.Build.0 = Debug|Win32
		{71F8644D-ED84-4044-A05F-ED086A2155F6}.Release.ActiveCfg = Release|Win32
		{71F8644D-ED84-4044-A05F-ED086A2155F6}.Release.Build.0 = Release|Win32
		{73785DAA-0591-434B-A254-AE7450D9F7E9}.Debug.ActiveCfg = Debug|Win32
		{73785DAA-0591-434B-A254-AE7450D9F7E9}.Debug.Build.0 = Debug|Win32
		{73785DAA-0591-434B-A254-AE7450D9F7E9}.Release.ActiveCfg = Release|Win32
		{73785DAA-0591-434B-A254-AE7450D9F7E9}.Release.Build.0 = Release|Win32
		{2F239B22-C260-4FE7-BE0D-C2E6EA191171}.Debug.ActiveCfg = Debug|Win32
		{2F239B22-C260-4FE7-BE0D-C2E6EA191171}.Debug.Build.0 = Debug|Win32
		{2F239B22-C260-4FE7-BE0D-C2E6EA191171}.Release.ActiveCfg = Release|Win32
		{2F239B22-C260-4FE7-BE0D-C2E6EA191171}.Release.Build.0 = Release|Win32
		{62100DC6-E52D-4207-A769-EBA680DE5CCD}.Debug.ActiveCfg = Debug|Win32
		{62100DC6-E52D-4207-A769-EBA680DE5CCD}.Debug.Build.0 = Debug|Win32
		{62100DC6-E52D-4207-A769-EBA680DE5CCD}.Release.ActiveCfg = Release|Win32
		{62100DC6-E52D-4207-A769-EBA680DE5CCD}.Release.Build.0 = Release|Win32
		{EE459A49-BD48-4BF6-B837-C24CBF8590F3}.Debug.ActiveCfg = Debug|Win32
		{EE459A49-BD48-4BF6-B837-C24CBF8590F3}.Debug.Build.0 = Debug|Win32
		{EE459A49-BD48-4BF6-B837-C24CBF8590F3}.Release.ActiveCfg = Release|Win32
		{EE459A49-BD48-4BF6-B837-C24CBF8590F3}.Release.Build.0 = Release|Win32
		{8E509863-C09E-4606-9CB8-3334C6B01FFD}.Debug.ActiveCfg = Debug|Win32
		{8E509863-C09E-4606-9CB8-3334C6B01FFD}.Debug.Build.0 = Debug|Win32
		{8E509863-C09E-4606-9CB8-3334C6B01FFD}.Release.ActiveCfg = Release|Win32
		{8E509863-C09E-4606-9CB8-3334C6B01FFD}.Release.Build.0 = Release|Win32
		{82579BAE-5D96-4274-8812-4B09D5785B04}.Debug.ActiveCfg = Debug|Win32
		{82579BAE-5D96-4274-8812-4B09D5785B04}.Debug.Build.0 = Debug|Win32
		{82579BAE-5D96-4274-8812-4B09D5785B04}.Release.ActiveCfg = Release|Win32
		{82579BAE-5D96-4274-8812-4B09D5785B04}.Release.Build.0 = Release|Win32
		{EB0D87E7-97CD-4DF4-BEBC-057C147F284D}.Debug.ActiveCfg = Debug|Win32
		{EB0D87E7-97CD-4DF4-BEBC-057C147F284D}.Debug.Build.0 = Debug|Win32
		{EB0D87E7-97CD-4DF4-BEBC-057C147F284D}.Release.ActiveCfg = Release|Win32
		{EB0D87E7-97CD-4DF4-BEBC-057C147F284D}.Release.Build.0 = Release|Win32
		{54A458A5-D150-4B7F-873F-3FD6C54D87CF}.Debug.ActiveCfg = Debug|Win32
		{54A458A5-D150-4B7F-873F-3FD6C54D87CF}.Debug.Build.0 = Debug|Win32
		{54A458A5-D150-4B7F-873F-3FD6C54D87CF}.Release.ActiveCfg = Release|Win32
		{54A458A5-D150-4B7F-873F-3FD6C54D87CF}.Release.Build.0 = Release|Win32
		{5DA60EAC-8781-43B6-87A9-C02A4E120C28}.Debug.ActiveCfg = Debug|Win32
		{5DA60EAC-8781-43B6-87A9-C02A4E120C28}.Debug.Build.0 = Debug|Win32
		{5DA60EAC-8781-43B6-87A9-C02A4E120C28}.Release.ActiveCfg = Release|Win32
		{5DA60EAC-8781-43B6-87A9-C02A4E120C28}.Release.Build.0 = Release|Win32
		{7BE05B00-9FB7-436D-9DC7-72100B55D83D}.Debug.ActiveCfg = Debug|Win32
		{7BE05B00-9FB7-436D-9DC7-72100B55D83D}.Debug.Build.0 = Debug|Win32
		{7BE05B00-9FB7-436D-9DC7-72100B55D83D}.Release.ActiveCfg = Release|Win32
		{7BE05B00-9FB7-436D-9DC7-72100B55D83D}.Release.Build.0 = Release|Win32
		{0955FDEB-0AF6-4CE2-9F42-C791A9AD2DAF}.Debug.ActiveCfg = Debug|Win32
		{0955FDEB-0AF6-4CE2-9F42-C791A9AD2DAF}.Debug.Build.0 = Debug|Win32
		{0955FDEB-0AF6-4CE2-9F42-C791A9AD2DAF}.Release.ActiveCfg = Release|Win32
		{0955FDEB-0AF6-4CE2-9F42-C791A9AD2DAF}.Release.Build.0 = Release|Win32
		{38786CC8-2233-436D-8AF6-A92579DC131B}.Debug.ActiveCfg = Debug|Win32
		{38786CC8-2233-436D-8AF6-A92579DC131B}.Debug.Build.0 = Debug|Win32
		{38786CC8-2233-436D-8AF6-A92579DC131B}.Release.ActiveCfg = Release|Win32
		{38786CC8-2233-436D-8AF6-A92579DC131B}.Release.Build.0 = Release|Win32
		{631AC725-3DC9-4911-A974-0FDD84C7B29D}.Debug.ActiveCfg = Debug|Win32
		{631AC725-3DC9-4911-A974-0FDD84C7B29D}.Debug.Build.0 = Debug|Win32
		{631AC725-3DC9-4911-A974-0FDD84C7B29D}.Release.ActiveCfg = Release|Win32
		{631AC725-3DC9-4911-A974-0FDD84C7B29D}.Release.Build.0 = Release|Win32
		{5885DFF5-1D01-457B-9ECB-DB41FEE82C18}.Debug.ActiveCfg = Debug|Win32
		{5885DFF5-1D01-457B-9ECB-DB41FEE82C18}.Debug.Build.0 = Debug|Win32
		{5885DFF5-1D01-457B-9ECB-DB41FEE82C18}.Release.ActiveCfg = Release|Win32
		{5885DFF5-1D01-457B-9ECB-DB41FEE82C18}.Release.Build.0 = Release|Win32
	EndGlobalSection
	GlobalSection(ExtensibilityGlobals) = postSolution
	EndGlobalSection
	GlobalSection(ExtensibilityAddIns) = postSolution
	EndGlobalSection
EndGlobal
